// !$*UTF8*$!
{
	archiveVersion = 1;
	classes = {
	};
	objectVersion = 50;
	objects = {

/* Begin PBXBuildFile section */
		7433B57024F8AE6300041FA5 /* mmCanvasApp.swift in Sources */ = {isa = PBXBuildFile; fileRef = 7433B55D24F8AE6100041FA5 /* mmCanvasApp.swift */; };
		7433B57124F8AE6300041FA5 /* mmCanvasApp.swift in Sources */ = {isa = PBXBuildFile; fileRef = 7433B55D24F8AE6100041FA5 /* mmCanvasApp.swift */; };
		7433B57224F8AE6300041FA5 /* ContentView.swift in Sources */ = {isa = PBXBuildFile; fileRef = 7433B55E24F8AE6100041FA5 /* ContentView.swift */; };
		7433B57324F8AE6300041FA5 /* ContentView.swift in Sources */ = {isa = PBXBuildFile; fileRef = 7433B55E24F8AE6100041FA5 /* ContentView.swift */; };
		7433B57424F8AE6300041FA5 /* Assets.xcassets in Resources */ = {isa = PBXBuildFile; fileRef = 7433B55F24F8AE6200041FA5 /* Assets.xcassets */; };
		7433B57524F8AE6300041FA5 /* Assets.xcassets in Resources */ = {isa = PBXBuildFile; fileRef = 7433B55F24F8AE6200041FA5 /* Assets.xcassets */; };
		7433B57F24F92A4300041FA5 /* CanvasView.swift in Sources */ = {isa = PBXBuildFile; fileRef = 7433B57E24F92A4300041FA5 /* CanvasView.swift */; };
		7433B58024F92A4300041FA5 /* CanvasView.swift in Sources */ = {isa = PBXBuildFile; fileRef = 7433B57E24F92A4300041FA5 /* CanvasView.swift */; };
		7433B58224F92E2900041FA5 /* Stroke.swift in Sources */ = {isa = PBXBuildFile; fileRef = 7433B58124F92E2900041FA5 /* Stroke.swift */; };
		7433B58324F92E2900041FA5 /* Stroke.swift in Sources */ = {isa = PBXBuildFile; fileRef = 7433B58124F92E2900041FA5 /* Stroke.swift */; };
		7433B58524F94AA100041FA5 /* Canvas.swift in Sources */ = {isa = PBXBuildFile; fileRef = 7433B58424F94AA000041FA5 /* Canvas.swift */; };
		7433B58624F94AA100041FA5 /* Canvas.swift in Sources */ = {isa = PBXBuildFile; fileRef = 7433B58424F94AA000041FA5 /* Canvas.swift */; };
		74573E7E24FEB4520090A24E /* AppDelegate.swift in Sources */ = {isa = PBXBuildFile; fileRef = 74573E7D24FEB4520090A24E /* AppDelegate.swift */; };
		74573E8224FEB4530090A24E /* Assets.xcassets in Resources */ = {isa = PBXBuildFile; fileRef = 74573E8124FEB4530090A24E /* Assets.xcassets */; };
		74573E8524FEB4530090A24E /* Preview Assets.xcassets in Resources */ = {isa = PBXBuildFile; fileRef = 74573E8424FEB4530090A24E /* Preview Assets.xcassets */; };
		74573E8824FEB4530090A24E /* Main.storyboard in Resources */ = {isa = PBXBuildFile; fileRef = 74573E8624FEB4530090A24E /* Main.storyboard */; };
		74573E8E24FEB4640090A24E /* ContentView.swift in Sources */ = {isa = PBXBuildFile; fileRef = 747F502124FCAD650054FC83 /* ContentView.swift */; };
		74573E8F24FEB46F0090A24E /* Canvas.swift in Sources */ = {isa = PBXBuildFile; fileRef = 7433B58424F94AA000041FA5 /* Canvas.swift */; };
		74573E9124FEB46F0090A24E /* Stroke.swift in Sources */ = {isa = PBXBuildFile; fileRef = 7433B58124F92E2900041FA5 /* Stroke.swift */; };
		74573E9324FEB46F0090A24E /* ImageEmitter.swift in Sources */ = {isa = PBXBuildFile; fileRef = 7491E7F024FD8D7C00387B15 /* ImageEmitter.swift */; };
		74573E9524FEB46F0090A24E /* CanvasView.swift in Sources */ = {isa = PBXBuildFile; fileRef = 7433B57E24F92A4300041FA5 /* CanvasView.swift */; };
		74573E9624FEB8810090A24E /* teslaQ2_2020.pdf in Resources */ = {isa = PBXBuildFile; fileRef = 747F503524FCB6AB0054FC83 /* teslaQ2_2020.pdf */; };
		74573E9A24FEBD9E0090A24E /* tesla.png in Resources */ = {isa = PBXBuildFile; fileRef = 74573E9924FEBD9E0090A24E /* tesla.png */; };
		747F501E24FCAD650054FC83 /* AppDelegate.swift in Sources */ = {isa = PBXBuildFile; fileRef = 747F501D24FCAD650054FC83 /* AppDelegate.swift */; };
		747F502024FCAD650054FC83 /* SceneDelegate.swift in Sources */ = {isa = PBXBuildFile; fileRef = 747F501F24FCAD650054FC83 /* SceneDelegate.swift */; };
		747F502424FCAD670054FC83 /* Assets.xcassets in Resources */ = {isa = PBXBuildFile; fileRef = 747F502324FCAD670054FC83 /* Assets.xcassets */; };
		747F502724FCAD670054FC83 /* Preview Assets.xcassets in Resources */ = {isa = PBXBuildFile; fileRef = 747F502624FCAD670054FC83 /* Preview Assets.xcassets */; };
		747F502A24FCAD670054FC83 /* LaunchScreen.storyboard in Resources */ = {isa = PBXBuildFile; fileRef = 747F502824FCAD670054FC83 /* LaunchScreen.storyboard */; };
		747F503124FCADEE0054FC83 /* Canvas.swift in Sources */ = {isa = PBXBuildFile; fileRef = 7433B58424F94AA000041FA5 /* Canvas.swift */; };
		747F503224FCADEE0054FC83 /* Stroke.swift in Sources */ = {isa = PBXBuildFile; fileRef = 7433B58124F92E2900041FA5 /* Stroke.swift */; };
		747F503324FCADEE0054FC83 /* CanvasView.swift in Sources */ = {isa = PBXBuildFile; fileRef = 7433B57E24F92A4300041FA5 /* CanvasView.swift */; };
		747F503424FCAE360054FC83 /* ContentView.swift in Sources */ = {isa = PBXBuildFile; fileRef = 747F502124FCAD650054FC83 /* ContentView.swift */; };
		747F503624FCB6AB0054FC83 /* teslaQ2_2020.pdf in Resources */ = {isa = PBXBuildFile; fileRef = 747F503524FCB6AB0054FC83 /* teslaQ2_2020.pdf */; };
		747F503724FCB6AB0054FC83 /* teslaQ2_2020.pdf in Resources */ = {isa = PBXBuildFile; fileRef = 747F503524FCB6AB0054FC83 /* teslaQ2_2020.pdf */; };
		747F503824FCB6AB0054FC83 /* teslaQ2_2020.pdf in Resources */ = {isa = PBXBuildFile; fileRef = 747F503524FCB6AB0054FC83 /* teslaQ2_2020.pdf */; };
		747F503A24FCB81A0054FC83 /* MyPDFView.swift in Sources */ = {isa = PBXBuildFile; fileRef = 747F503924FCB81A0054FC83 /* MyPDFView.swift */; };
		747F503B24FCB81A0054FC83 /* MyPDFView.swift in Sources */ = {isa = PBXBuildFile; fileRef = 747F503924FCB81A0054FC83 /* MyPDFView.swift */; };
		747F503C24FCB81A0054FC83 /* MyPDFView.swift in Sources */ = {isa = PBXBuildFile; fileRef = 747F503924FCB81A0054FC83 /* MyPDFView.swift */; };
		7491E7F124FD8D7C00387B15 /* ImageEmitter.swift in Sources */ = {isa = PBXBuildFile; fileRef = 7491E7F024FD8D7C00387B15 /* ImageEmitter.swift */; };
		7491E7F224FD8D7C00387B15 /* ImageEmitter.swift in Sources */ = {isa = PBXBuildFile; fileRef = 7491E7F024FD8D7C00387B15 /* ImageEmitter.swift */; };
		7491E7F324FD8D7C00387B15 /* ImageEmitter.swift in Sources */ = {isa = PBXBuildFile; fileRef = 7491E7F024FD8D7C00387B15 /* ImageEmitter.swift */; };
/* End PBXBuildFile section */

/* Begin PBXFileReference section */
		7433B55D24F8AE6100041FA5 /* mmCanvasApp.swift */ = {isa = PBXFileReference; lastKnownFileType = sourcecode.swift; path = mmCanvasApp.swift; sourceTree = "<group>"; };
		7433B55E24F8AE6100041FA5 /* ContentView.swift */ = {isa = PBXFileReference; lastKnownFileType = sourcecode.swift; path = ContentView.swift; sourceTree = "<group>"; };
		7433B55F24F8AE6200041FA5 /* Assets.xcassets */ = {isa = PBXFileReference; lastKnownFileType = folder.assetcatalog; path = Assets.xcassets; sourceTree = "<group>"; };
		7433B56424F8AE6200041FA5 /* mmCanvas.app */ = {isa = PBXFileReference; explicitFileType = wrapper.application; includeInIndex = 0; path = mmCanvas.app; sourceTree = BUILT_PRODUCTS_DIR; };
		7433B56724F8AE6200041FA5 /* Info.plist */ = {isa = PBXFileReference; lastKnownFileType = text.plist.xml; path = Info.plist; sourceTree = "<group>"; };
		7433B56C24F8AE6300041FA5 /* mmCanvas.app */ = {isa = PBXFileReference; explicitFileType = wrapper.application; includeInIndex = 0; path = mmCanvas.app; sourceTree = BUILT_PRODUCTS_DIR; };
		7433B56E24F8AE6300041FA5 /* Info.plist */ = {isa = PBXFileReference; lastKnownFileType = text.plist.xml; path = Info.plist; sourceTree = "<group>"; };
		7433B56F24F8AE6300041FA5 /* macOS.entitlements */ = {isa = PBXFileReference; lastKnownFileType = text.plist.entitlements; path = macOS.entitlements; sourceTree = "<group>"; };
		7433B57E24F92A4300041FA5 /* CanvasView.swift */ = {isa = PBXFileReference; lastKnownFileType = sourcecode.swift; path = CanvasView.swift; sourceTree = "<group>"; };
		7433B58124F92E2900041FA5 /* Stroke.swift */ = {isa = PBXFileReference; lastKnownFileType = sourcecode.swift; path = Stroke.swift; sourceTree = "<group>"; };
		7433B58424F94AA000041FA5 /* Canvas.swift */ = {isa = PBXFileReference; lastKnownFileType = sourcecode.swift; path = Canvas.swift; sourceTree = "<group>"; };
		74573E7B24FEB4520090A24E /* mmCanvasCatalina.app */ = {isa = PBXFileReference; explicitFileType = wrapper.application; includeInIndex = 0; path = mmCanvasCatalina.app; sourceTree = BUILT_PRODUCTS_DIR; };
		74573E7D24FEB4520090A24E /* AppDelegate.swift */ = {isa = PBXFileReference; lastKnownFileType = sourcecode.swift; path = AppDelegate.swift; sourceTree = "<group>"; };
		74573E7F24FEB4520090A24E /* ContentView.swift */ = {isa = PBXFileReference; lastKnownFileType = sourcecode.swift; path = ContentView.swift; sourceTree = "<group>"; };
		74573E8124FEB4530090A24E /* Assets.xcassets */ = {isa = PBXFileReference; lastKnownFileType = folder.assetcatalog; path = Assets.xcassets; sourceTree = "<group>"; };
		74573E8424FEB4530090A24E /* Preview Assets.xcassets */ = {isa = PBXFileReference; lastKnownFileType = folder.assetcatalog; path = "Preview Assets.xcassets"; sourceTree = "<group>"; };
		74573E8724FEB4530090A24E /* Base */ = {isa = PBXFileReference; lastKnownFileType = file.storyboard; name = Base; path = Base.lproj/Main.storyboard; sourceTree = "<group>"; };
		74573E8924FEB4530090A24E /* Info.plist */ = {isa = PBXFileReference; lastKnownFileType = text.plist.xml; path = Info.plist; sourceTree = "<group>"; };
		74573E8A24FEB4530090A24E /* mmCanvasCatalina.entitlements */ = {isa = PBXFileReference; lastKnownFileType = text.plist.entitlements; path = mmCanvasCatalina.entitlements; sourceTree = "<group>"; };
		74573E9924FEBD9E0090A24E /* tesla.png */ = {isa = PBXFileReference; lastKnownFileType = image.png; name = tesla.png; path = mmCanvasCatalina/tesla.png; sourceTree = SOURCE_ROOT; };
		747F501B24FCAD650054FC83 /* mmCanvas13.app */ = {isa = PBXFileReference; explicitFileType = wrapper.application; includeInIndex = 0; path = mmCanvas13.app; sourceTree = BUILT_PRODUCTS_DIR; };
		747F501D24FCAD650054FC83 /* AppDelegate.swift */ = {isa = PBXFileReference; lastKnownFileType = sourcecode.swift; path = AppDelegate.swift; sourceTree = "<group>"; };
		747F501F24FCAD650054FC83 /* SceneDelegate.swift */ = {isa = PBXFileReference; lastKnownFileType = sourcecode.swift; path = SceneDelegate.swift; sourceTree = "<group>"; };
		747F502124FCAD650054FC83 /* ContentView.swift */ = {isa = PBXFileReference; lastKnownFileType = sourcecode.swift; path = ContentView.swift; sourceTree = "<group>"; };
		747F502324FCAD670054FC83 /* Assets.xcassets */ = {isa = PBXFileReference; lastKnownFileType = folder.assetcatalog; path = Assets.xcassets; sourceTree = "<group>"; };
		747F502624FCAD670054FC83 /* Preview Assets.xcassets */ = {isa = PBXFileReference; lastKnownFileType = folder.assetcatalog; path = "Preview Assets.xcassets"; sourceTree = "<group>"; };
		747F502924FCAD670054FC83 /* Base */ = {isa = PBXFileReference; lastKnownFileType = file.storyboard; name = Base; path = Base.lproj/LaunchScreen.storyboard; sourceTree = "<group>"; };
		747F502B24FCAD670054FC83 /* Info.plist */ = {isa = PBXFileReference; lastKnownFileType = text.plist.xml; path = Info.plist; sourceTree = "<group>"; };
		747F503524FCB6AB0054FC83 /* teslaQ2_2020.pdf */ = {isa = PBXFileReference; lastKnownFileType = image.pdf; path = teslaQ2_2020.pdf; sourceTree = "<group>"; };
		747F503924FCB81A0054FC83 /* MyPDFView.swift */ = {isa = PBXFileReference; lastKnownFileType = sourcecode.swift; path = MyPDFView.swift; sourceTree = "<group>"; };
		7491E7F024FD8D7C00387B15 /* ImageEmitter.swift */ = {isa = PBXFileReference; lastKnownFileType = sourcecode.swift; path = ImageEmitter.swift; sourceTree = "<group>"; };
/* End PBXFileReference section */

/* Begin PBXFrameworksBuildPhase section */
		7433B56124F8AE6200041FA5 /* Frameworks */ = {
			isa = PBXFrameworksBuildPhase;
			buildActionMask = 2147483647;
			files = (
			);
			runOnlyForDeploymentPostprocessing = 0;
		};
		7433B56924F8AE6300041FA5 /* Frameworks */ = {
			isa = PBXFrameworksBuildPhase;
			buildActionMask = 2147483647;
			files = (
			);
			runOnlyForDeploymentPostprocessing = 0;
		};
		74573E7824FEB4520090A24E /* Frameworks */ = {
			isa = PBXFrameworksBuildPhase;
			buildActionMask = 2147483647;
			files = (
			);
			runOnlyForDeploymentPostprocessing = 0;
		};
		747F501824FCAD650054FC83 /* Frameworks */ = {
			isa = PBXFrameworksBuildPhase;
			buildActionMask = 2147483647;
			files = (
			);
			runOnlyForDeploymentPostprocessing = 0;
		};
/* End PBXFrameworksBuildPhase section */

/* Begin PBXGroup section */
		7433B55724F8AE6100041FA5 = {
			isa = PBXGroup;
			children = (
				7433B55C24F8AE6100041FA5 /* Shared */,
				7433B56624F8AE6200041FA5 /* iOS */,
				7433B56D24F8AE6300041FA5 /* macOS */,
				747F501C24FCAD650054FC83 /* mmCanvas13 */,
				74573E7C24FEB4520090A24E /* mmCanvasCatalina */,
				7433B56524F8AE6200041FA5 /* Products */,
			);
			sourceTree = "<group>";
		};
		7433B55C24F8AE6100041FA5 /* Shared */ = {
			isa = PBXGroup;
			children = (
				747F503524FCB6AB0054FC83 /* teslaQ2_2020.pdf */,
				7433B55D24F8AE6100041FA5 /* mmCanvasApp.swift */,
				7433B55E24F8AE6100041FA5 /* ContentView.swift */,
				747F503924FCB81A0054FC83 /* MyPDFView.swift */,
				7433B58424F94AA000041FA5 /* Canvas.swift */,
				7433B58124F92E2900041FA5 /* Stroke.swift */,
				7433B57E24F92A4300041FA5 /* CanvasView.swift */,
				7491E7F024FD8D7C00387B15 /* ImageEmitter.swift */,
				7433B55F24F8AE6200041FA5 /* Assets.xcassets */,
			);
			path = Shared;
			sourceTree = "<group>";
		};
		7433B56524F8AE6200041FA5 /* Products */ = {
			isa = PBXGroup;
			children = (
				7433B56424F8AE6200041FA5 /* mmCanvas.app */,
				7433B56C24F8AE6300041FA5 /* mmCanvas.app */,
				747F501B24FCAD650054FC83 /* mmCanvas13.app */,
				74573E7B24FEB4520090A24E /* mmCanvasCatalina.app */,
			);
			name = Products;
			sourceTree = "<group>";
		};
		7433B56624F8AE6200041FA5 /* iOS */ = {
			isa = PBXGroup;
			children = (
				7433B56724F8AE6200041FA5 /* Info.plist */,
			);
			path = iOS;
			sourceTree = "<group>";
		};
		7433B56D24F8AE6300041FA5 /* macOS */ = {
			isa = PBXGroup;
			children = (
				7433B56E24F8AE6300041FA5 /* Info.plist */,
				7433B56F24F8AE6300041FA5 /* macOS.entitlements */,
			);
			path = macOS;
			sourceTree = "<group>";
		};
		74573E7C24FEB4520090A24E /* mmCanvasCatalina */ = {
			isa = PBXGroup;
			children = (
				74573E9924FEBD9E0090A24E /* tesla.png */,
				74573E7D24FEB4520090A24E /* AppDelegate.swift */,
				74573E7F24FEB4520090A24E /* ContentView.swift */,
				74573E8124FEB4530090A24E /* Assets.xcassets */,
				74573E8624FEB4530090A24E /* Main.storyboard */,
				74573E8924FEB4530090A24E /* Info.plist */,
				74573E8A24FEB4530090A24E /* mmCanvasCatalina.entitlements */,
				74573E8324FEB4530090A24E /* Preview Content */,
			);
			path = mmCanvasCatalina;
			sourceTree = "<group>";
		};
		74573E8324FEB4530090A24E /* Preview Content */ = {
			isa = PBXGroup;
			children = (
				74573E8424FEB4530090A24E /* Preview Assets.xcassets */,
			);
			path = "Preview Content";
			sourceTree = "<group>";
		};
		747F501C24FCAD650054FC83 /* mmCanvas13 */ = {
			isa = PBXGroup;
			children = (
				747F501D24FCAD650054FC83 /* AppDelegate.swift */,
				747F501F24FCAD650054FC83 /* SceneDelegate.swift */,
				747F502124FCAD650054FC83 /* ContentView.swift */,
				747F502324FCAD670054FC83 /* Assets.xcassets */,
				747F502824FCAD670054FC83 /* LaunchScreen.storyboard */,
				747F502B24FCAD670054FC83 /* Info.plist */,
				747F502524FCAD670054FC83 /* Preview Content */,
			);
			path = mmCanvas13;
			sourceTree = "<group>";
		};
		747F502524FCAD670054FC83 /* Preview Content */ = {
			isa = PBXGroup;
			children = (
				747F502624FCAD670054FC83 /* Preview Assets.xcassets */,
			);
			path = "Preview Content";
			sourceTree = "<group>";
		};
/* End PBXGroup section */

/* Begin PBXNativeTarget section */
		7433B56324F8AE6200041FA5 /* mmCanvas (iOS) */ = {
			isa = PBXNativeTarget;
			buildConfigurationList = 7433B57824F8AE6300041FA5 /* Build configuration list for PBXNativeTarget "mmCanvas (iOS)" */;
			buildPhases = (
				7433B56024F8AE6200041FA5 /* Sources */,
				7433B56124F8AE6200041FA5 /* Frameworks */,
				7433B56224F8AE6200041FA5 /* Resources */,
			);
			buildRules = (
			);
			dependencies = (
			);
			name = "mmCanvas (iOS)";
			productName = "mmCanvas (iOS)";
			productReference = 7433B56424F8AE6200041FA5 /* mmCanvas.app */;
			productType = "com.apple.product-type.application";
		};
		7433B56B24F8AE6300041FA5 /* mmCanvas (macOS) */ = {
			isa = PBXNativeTarget;
			buildConfigurationList = 7433B57B24F8AE6300041FA5 /* Build configuration list for PBXNativeTarget "mmCanvas (macOS)" */;
			buildPhases = (
				7433B56824F8AE6300041FA5 /* Sources */,
				7433B56924F8AE6300041FA5 /* Frameworks */,
				7433B56A24F8AE6300041FA5 /* Resources */,
			);
			buildRules = (
			);
			dependencies = (
			);
			name = "mmCanvas (macOS)";
			productName = "mmCanvas (macOS)";
			productReference = 7433B56C24F8AE6300041FA5 /* mmCanvas.app */;
			productType = "com.apple.product-type.application";
		};
		74573E7A24FEB4520090A24E /* mmCanvasCatalina */ = {
			isa = PBXNativeTarget;
			buildConfigurationList = 74573E8D24FEB4530090A24E /* Build configuration list for PBXNativeTarget "mmCanvasCatalina" */;
			buildPhases = (
				74573E7724FEB4520090A24E /* Sources */,
				74573E7824FEB4520090A24E /* Frameworks */,
				74573E7924FEB4520090A24E /* Resources */,
			);
			buildRules = (
			);
			dependencies = (
			);
			name = mmCanvasCatalina;
			productName = mmCanvasCatalina;
			productReference = 74573E7B24FEB4520090A24E /* mmCanvasCatalina.app */;
			productType = "com.apple.product-type.application";
		};
		747F501A24FCAD650054FC83 /* mmCanvas13 */ = {
			isa = PBXNativeTarget;
			buildConfigurationList = 747F502C24FCAD670054FC83 /* Build configuration list for PBXNativeTarget "mmCanvas13" */;
			buildPhases = (
				747F501724FCAD650054FC83 /* Sources */,
				747F501824FCAD650054FC83 /* Frameworks */,
				747F501924FCAD650054FC83 /* Resources */,
			);
			buildRules = (
			);
			dependencies = (
			);
			name = mmCanvas13;
			productName = mmCanvas13;
			productReference = 747F501B24FCAD650054FC83 /* mmCanvas13.app */;
			productType = "com.apple.product-type.application";
		};
/* End PBXNativeTarget section */

/* Begin PBXProject section */
		7433B55824F8AE6100041FA5 /* Project object */ = {
			isa = PBXProject;
			attributes = {
				LastSwiftUpdateCheck = 1200;
				LastUpgradeCheck = 1200;
				TargetAttributes = {
					7433B56324F8AE6200041FA5 = {
						CreatedOnToolsVersion = 12.0;
					};
					7433B56B24F8AE6300041FA5 = {
						CreatedOnToolsVersion = 12.0;
					};
					74573E7A24FEB4520090A24E = {
						CreatedOnToolsVersion = 12.0;
					};
					747F501A24FCAD650054FC83 = {
						CreatedOnToolsVersion = 12.0;
					};
				};
			};
			buildConfigurationList = 7433B55B24F8AE6100041FA5 /* Build configuration list for PBXProject "mmCanvas" */;
			compatibilityVersion = "Xcode 9.3";
			developmentRegion = en;
			hasScannedForEncodings = 0;
			knownRegions = (
				en,
				Base,
			);
			mainGroup = 7433B55724F8AE6100041FA5;
			productRefGroup = 7433B56524F8AE6200041FA5 /* Products */;
			projectDirPath = "";
			projectRoot = "";
			targets = (
				7433B56324F8AE6200041FA5 /* mmCanvas (iOS) */,
				7433B56B24F8AE6300041FA5 /* mmCanvas (macOS) */,
				747F501A24FCAD650054FC83 /* mmCanvas13 */,
				74573E7A24FEB4520090A24E /* mmCanvasCatalina */,
			);
		};
/* End PBXProject section */

/* Begin PBXResourcesBuildPhase section */
		7433B56224F8AE6200041FA5 /* Resources */ = {
			isa = PBXResourcesBuildPhase;
			buildActionMask = 2147483647;
			files = (
				7433B57424F8AE6300041FA5 /* Assets.xcassets in Resources */,
				747F503624FCB6AB0054FC83 /* teslaQ2_2020.pdf in Resources */,
			);
			runOnlyForDeploymentPostprocessing = 0;
		};
		7433B56A24F8AE6300041FA5 /* Resources */ = {
			isa = PBXResourcesBuildPhase;
			buildActionMask = 2147483647;
			files = (
				7433B57524F8AE6300041FA5 /* Assets.xcassets in Resources */,
				747F503724FCB6AB0054FC83 /* teslaQ2_2020.pdf in Resources */,
			);
			runOnlyForDeploymentPostprocessing = 0;
		};
		74573E7924FEB4520090A24E /* Resources */ = {
			isa = PBXResourcesBuildPhase;
			buildActionMask = 2147483647;
			files = (
				74573E8824FEB4530090A24E /* Main.storyboard in Resources */,
				74573E8524FEB4530090A24E /* Preview Assets.xcassets in Resources */,
				74573E9A24FEBD9E0090A24E /* tesla.png in Resources */,
				74573E8224FEB4530090A24E /* Assets.xcassets in Resources */,
				74573E9624FEB8810090A24E /* teslaQ2_2020.pdf in Resources */,
			);
			runOnlyForDeploymentPostprocessing = 0;
		};
		747F501924FCAD650054FC83 /* Resources */ = {
			isa = PBXResourcesBuildPhase;
			buildActionMask = 2147483647;
			files = (
				747F502A24FCAD670054FC83 /* LaunchScreen.storyboard in Resources */,
				747F502724FCAD670054FC83 /* Preview Assets.xcassets in Resources */,
				747F502424FCAD670054FC83 /* Assets.xcassets in Resources */,
				747F503824FCB6AB0054FC83 /* teslaQ2_2020.pdf in Resources */,
			);
			runOnlyForDeploymentPostprocessing = 0;
		};
/* End PBXResourcesBuildPhase section */

/* Begin PBXSourcesBuildPhase section */
		7433B56024F8AE6200041FA5 /* Sources */ = {
			isa = PBXSourcesBuildPhase;
			buildActionMask = 2147483647;
			files = (
				7433B57224F8AE6300041FA5 /* ContentView.swift in Sources */,
				7433B57024F8AE6300041FA5 /* mmCanvasApp.swift in Sources */,
				7491E7F124FD8D7C00387B15 /* ImageEmitter.swift in Sources */,
				747F503A24FCB81A0054FC83 /* MyPDFView.swift in Sources */,
				7433B57F24F92A4300041FA5 /* CanvasView.swift in Sources */,
				7433B58524F94AA100041FA5 /* Canvas.swift in Sources */,
				7433B58224F92E2900041FA5 /* Stroke.swift in Sources */,
			);
			runOnlyForDeploymentPostprocessing = 0;
		};
		7433B56824F8AE6300041FA5 /* Sources */ = {
			isa = PBXSourcesBuildPhase;
			buildActionMask = 2147483647;
			files = (
				7433B57324F8AE6300041FA5 /* ContentView.swift in Sources */,
				7433B57124F8AE6300041FA5 /* mmCanvasApp.swift in Sources */,
				7491E7F224FD8D7C00387B15 /* ImageEmitter.swift in Sources */,
				747F503B24FCB81A0054FC83 /* MyPDFView.swift in Sources */,
				7433B58024F92A4300041FA5 /* CanvasView.swift in Sources */,
				7433B58624F94AA100041FA5 /* Canvas.swift in Sources */,
				7433B58324F92E2900041FA5 /* Stroke.swift in Sources */,
			);
			runOnlyForDeploymentPostprocessing = 0;
		};
		74573E7724FEB4520090A24E /* Sources */ = {
			isa = PBXSourcesBuildPhase;
			buildActionMask = 2147483647;
			files = (
				74573E8E24FEB4640090A24E /* ContentView.swift in Sources */,
				74573E7E24FEB4520090A24E /* AppDelegate.swift in Sources */,
				74573E9324FEB46F0090A24E /* ImageEmitter.swift in Sources */,
				74573E9124FEB46F0090A24E /* Stroke.swift in Sources */,
				74573E8F24FEB46F0090A24E /* Canvas.swift in Sources */,
				74573E9524FEB46F0090A24E /* CanvasView.swift in Sources */,
			);
			runOnlyForDeploymentPostprocessing = 0;
		};
		747F501724FCAD650054FC83 /* Sources */ = {
			isa = PBXSourcesBuildPhase;
			buildActionMask = 2147483647;
			files = (
				747F501E24FCAD650054FC83 /* AppDelegate.swift in Sources */,
				7491E7F324FD8D7C00387B15 /* ImageEmitter.swift in Sources */,
				747F503324FCADEE0054FC83 /* CanvasView.swift in Sources */,
				747F503424FCAE360054FC83 /* ContentView.swift in Sources */,
				747F503224FCADEE0054FC83 /* Stroke.swift in Sources */,
				747F502024FCAD650054FC83 /* SceneDelegate.swift in Sources */,
				747F503C24FCB81A0054FC83 /* MyPDFView.swift in Sources */,
				747F503124FCADEE0054FC83 /* Canvas.swift in Sources */,
			);
			runOnlyForDeploymentPostprocessing = 0;
		};
/* End PBXSourcesBuildPhase section */

/* Begin PBXVariantGroup section */
		74573E8624FEB4530090A24E /* Main.storyboard */ = {
			isa = PBXVariantGroup;
			children = (
				74573E8724FEB4530090A24E /* Base */,
			);
			name = Main.storyboard;
			sourceTree = "<group>";
		};
		747F502824FCAD670054FC83 /* LaunchScreen.storyboard */ = {
			isa = PBXVariantGroup;
			children = (
				747F502924FCAD670054FC83 /* Base */,
			);
			name = LaunchScreen.storyboard;
			sourceTree = "<group>";
		};
/* End PBXVariantGroup section */

/* Begin XCBuildConfiguration section */
		7433B57624F8AE6300041FA5 /* Debug */ = {
			isa = XCBuildConfiguration;
			buildSettings = {
				ALWAYS_SEARCH_USER_PATHS = NO;
				CLANG_ANALYZER_NONNULL = YES;
				CLANG_ANALYZER_NUMBER_OBJECT_CONVERSION = YES_AGGRESSIVE;
				CLANG_CXX_LANGUAGE_STANDARD = "gnu++14";
				CLANG_CXX_LIBRARY = "libc++";
				CLANG_ENABLE_MODULES = YES;
				CLANG_ENABLE_OBJC_ARC = YES;
				CLANG_ENABLE_OBJC_WEAK = YES;
				CLANG_WARN_BLOCK_CAPTURE_AUTORELEASING = YES;
				CLANG_WARN_BOOL_CONVERSION = YES;
				CLANG_WARN_COMMA = YES;
				CLANG_WARN_CONSTANT_CONVERSION = YES;
				CLANG_WARN_DEPRECATED_OBJC_IMPLEMENTATIONS = YES;
				CLANG_WARN_DIRECT_OBJC_ISA_USAGE = YES_ERROR;
				CLANG_WARN_DOCUMENTATION_COMMENTS = YES;
				CLANG_WARN_EMPTY_BODY = YES;
				CLANG_WARN_ENUM_CONVERSION = YES;
				CLANG_WARN_INFINITE_RECURSION = YES;
				CLANG_WARN_INT_CONVERSION = YES;
				CLANG_WARN_NON_LITERAL_NULL_CONVERSION = YES;
				CLANG_WARN_OBJC_IMPLICIT_RETAIN_SELF = YES;
				CLANG_WARN_OBJC_LITERAL_CONVERSION = YES;
				CLANG_WARN_OBJC_ROOT_CLASS = YES_ERROR;
				CLANG_WARN_QUOTED_INCLUDE_IN_FRAMEWORK_HEADER = YES;
				CLANG_WARN_RANGE_LOOP_ANALYSIS = YES;
				CLANG_WARN_STRICT_PROTOTYPES = YES;
				CLANG_WARN_SUSPICIOUS_MOVE = YES;
				CLANG_WARN_UNGUARDED_AVAILABILITY = YES_AGGRESSIVE;
				CLANG_WARN_UNREACHABLE_CODE = YES;
				CLANG_WARN__DUPLICATE_METHOD_MATCH = YES;
				COPY_PHASE_STRIP = NO;
				DEBUG_INFORMATION_FORMAT = dwarf;
				ENABLE_STRICT_OBJC_MSGSEND = YES;
				ENABLE_TESTABILITY = YES;
				GCC_C_LANGUAGE_STANDARD = gnu11;
				GCC_DYNAMIC_NO_PIC = NO;
				GCC_NO_COMMON_BLOCKS = YES;
				GCC_OPTIMIZATION_LEVEL = 0;
				GCC_PREPROCESSOR_DEFINITIONS = (
					"DEBUG=1",
					"$(inherited)",
				);
				GCC_WARN_64_TO_32_BIT_CONVERSION = YES;
				GCC_WARN_ABOUT_RETURN_TYPE = YES_ERROR;
				GCC_WARN_UNDECLARED_SELECTOR = YES;
				GCC_WARN_UNINITIALIZED_AUTOS = YES_AGGRESSIVE;
				GCC_WARN_UNUSED_FUNCTION = YES;
				GCC_WARN_UNUSED_VARIABLE = YES;
				MTL_ENABLE_DEBUG_INFO = INCLUDE_SOURCE;
				MTL_FAST_MATH = YES;
				ONLY_ACTIVE_ARCH = YES;
				SWIFT_ACTIVE_COMPILATION_CONDITIONS = DEBUG;
				SWIFT_OPTIMIZATION_LEVEL = "-Onone";
			};
			name = Debug;
		};
		7433B57724F8AE6300041FA5 /* Release */ = {
			isa = XCBuildConfiguration;
			buildSettings = {
				ALWAYS_SEARCH_USER_PATHS = NO;
				CLANG_ANALYZER_NONNULL = YES;
				CLANG_ANALYZER_NUMBER_OBJECT_CONVERSION = YES_AGGRESSIVE;
				CLANG_CXX_LANGUAGE_STANDARD = "gnu++14";
				CLANG_CXX_LIBRARY = "libc++";
				CLANG_ENABLE_MODULES = YES;
				CLANG_ENABLE_OBJC_ARC = YES;
				CLANG_ENABLE_OBJC_WEAK = YES;
				CLANG_WARN_BLOCK_CAPTURE_AUTORELEASING = YES;
				CLANG_WARN_BOOL_CONVERSION = YES;
				CLANG_WARN_COMMA = YES;
				CLANG_WARN_CONSTANT_CONVERSION = YES;
				CLANG_WARN_DEPRECATED_OBJC_IMPLEMENTATIONS = YES;
				CLANG_WARN_DIRECT_OBJC_ISA_USAGE = YES_ERROR;
				CLANG_WARN_DOCUMENTATION_COMMENTS = YES;
				CLANG_WARN_EMPTY_BODY = YES;
				CLANG_WARN_ENUM_CONVERSION = YES;
				CLANG_WARN_INFINITE_RECURSION = YES;
				CLANG_WARN_INT_CONVERSION = YES;
				CLANG_WARN_NON_LITERAL_NULL_CONVERSION = YES;
				CLANG_WARN_OBJC_IMPLICIT_RETAIN_SELF = YES;
				CLANG_WARN_OBJC_LITERAL_CONVERSION = YES;
				CLANG_WARN_OBJC_ROOT_CLASS = YES_ERROR;
				CLANG_WARN_QUOTED_INCLUDE_IN_FRAMEWORK_HEADER = YES;
				CLANG_WARN_RANGE_LOOP_ANALYSIS = YES;
				CLANG_WARN_STRICT_PROTOTYPES = YES;
				CLANG_WARN_SUSPICIOUS_MOVE = YES;
				CLANG_WARN_UNGUARDED_AVAILABILITY = YES_AGGRESSIVE;
				CLANG_WARN_UNREACHABLE_CODE = YES;
				CLANG_WARN__DUPLICATE_METHOD_MATCH = YES;
				COPY_PHASE_STRIP = NO;
				DEBUG_INFORMATION_FORMAT = "dwarf-with-dsym";
				ENABLE_NS_ASSERTIONS = NO;
				ENABLE_STRICT_OBJC_MSGSEND = YES;
				GCC_C_LANGUAGE_STANDARD = gnu11;
				GCC_NO_COMMON_BLOCKS = YES;
				GCC_WARN_64_TO_32_BIT_CONVERSION = YES;
				GCC_WARN_ABOUT_RETURN_TYPE = YES_ERROR;
				GCC_WARN_UNDECLARED_SELECTOR = YES;
				GCC_WARN_UNINITIALIZED_AUTOS = YES_AGGRESSIVE;
				GCC_WARN_UNUSED_FUNCTION = YES;
				GCC_WARN_UNUSED_VARIABLE = YES;
				MTL_ENABLE_DEBUG_INFO = NO;
				MTL_FAST_MATH = YES;
				SWIFT_COMPILATION_MODE = wholemodule;
				SWIFT_OPTIMIZATION_LEVEL = "-O";
			};
			name = Release;
		};
		7433B57924F8AE6300041FA5 /* Debug */ = {
			isa = XCBuildConfiguration;
			buildSettings = {
				ASSETCATALOG_COMPILER_APPICON_NAME = AppIcon;
				ASSETCATALOG_COMPILER_GLOBAL_ACCENT_COLOR_NAME = AccentColor;
				CODE_SIGN_STYLE = Automatic;
				DEVELOPMENT_TEAM = H34BY2CCCD;
				ENABLE_PREVIEWS = YES;
				INFOPLIST_FILE = iOS/Info.plist;
				IPHONEOS_DEPLOYMENT_TARGET = 14.0;
				LD_RUNPATH_SEARCH_PATHS = (
					"$(inherited)",
					"@executable_path/Frameworks",
				);
				PRODUCT_BUNDLE_IDENTIFIER = org.singularitysociety.mmCanvas;
				PRODUCT_NAME = mmCanvas;
				SDKROOT = iphoneos;
				SWIFT_VERSION = 5.0;
				TARGETED_DEVICE_FAMILY = "1,2";
			};
			name = Debug;
		};
		7433B57A24F8AE6300041FA5 /* Release */ = {
			isa = XCBuildConfiguration;
			buildSettings = {
				ASSETCATALOG_COMPILER_APPICON_NAME = AppIcon;
				ASSETCATALOG_COMPILER_GLOBAL_ACCENT_COLOR_NAME = AccentColor;
				CODE_SIGN_STYLE = Automatic;
				DEVELOPMENT_TEAM = H34BY2CCCD;
				ENABLE_PREVIEWS = YES;
				INFOPLIST_FILE = iOS/Info.plist;
				IPHONEOS_DEPLOYMENT_TARGET = 14.0;
				LD_RUNPATH_SEARCH_PATHS = (
					"$(inherited)",
					"@executable_path/Frameworks",
				);
				PRODUCT_BUNDLE_IDENTIFIER = org.singularitysociety.mmCanvas;
				PRODUCT_NAME = mmCanvas;
				SDKROOT = iphoneos;
				SWIFT_VERSION = 5.0;
				TARGETED_DEVICE_FAMILY = "1,2";
				VALIDATE_PRODUCT = YES;
			};
			name = Release;
		};
		7433B57C24F8AE6300041FA5 /* Debug */ = {
			isa = XCBuildConfiguration;
			buildSettings = {
				ASSETCATALOG_COMPILER_APPICON_NAME = AppIcon;
				ASSETCATALOG_COMPILER_GLOBAL_ACCENT_COLOR_NAME = AccentColor;
				CODE_SIGN_ENTITLEMENTS = macOS/macOS.entitlements;
				CODE_SIGN_STYLE = Automatic;
				COMBINE_HIDPI_IMAGES = YES;
				DEVELOPMENT_TEAM = H34BY2CCCD;
				ENABLE_HARDENED_RUNTIME = YES;
				ENABLE_PREVIEWS = YES;
				INFOPLIST_FILE = macOS/Info.plist;
				LD_RUNPATH_SEARCH_PATHS = (
					"$(inherited)",
					"@executable_path/../Frameworks",
				);
				MACOSX_DEPLOYMENT_TARGET = 11.0;
				PRODUCT_BUNDLE_IDENTIFIER = org.singularitysociety.mmCanvas;
				PRODUCT_NAME = mmCanvas;
				SDKROOT = macosx;
				SWIFT_VERSION = 5.0;
			};
			name = Debug;
		};
		7433B57D24F8AE6300041FA5 /* Release */ = {
			isa = XCBuildConfiguration;
			buildSettings = {
				ASSETCATALOG_COMPILER_APPICON_NAME = AppIcon;
				ASSETCATALOG_COMPILER_GLOBAL_ACCENT_COLOR_NAME = AccentColor;
				CODE_SIGN_ENTITLEMENTS = macOS/macOS.entitlements;
				CODE_SIGN_STYLE = Automatic;
				COMBINE_HIDPI_IMAGES = YES;
				DEVELOPMENT_TEAM = H34BY2CCCD;
				ENABLE_HARDENED_RUNTIME = YES;
				ENABLE_PREVIEWS = YES;
				INFOPLIST_FILE = macOS/Info.plist;
				LD_RUNPATH_SEARCH_PATHS = (
					"$(inherited)",
					"@executable_path/../Frameworks",
				);
				MACOSX_DEPLOYMENT_TARGET = 11.0;
				PRODUCT_BUNDLE_IDENTIFIER = org.singularitysociety.mmCanvas;
				PRODUCT_NAME = mmCanvas;
				SDKROOT = macosx;
				SWIFT_VERSION = 5.0;
			};
			name = Release;
		};
		74573E8B24FEB4530090A24E /* Debug */ = {
			isa = XCBuildConfiguration;
			buildSettings = {
				ASSETCATALOG_COMPILER_APPICON_NAME = AppIcon;
				ASSETCATALOG_COMPILER_GLOBAL_ACCENT_COLOR_NAME = AccentColor;
				CODE_SIGN_ENTITLEMENTS = mmCanvasCatalina/mmCanvasCatalina.entitlements;
				CODE_SIGN_STYLE = Automatic;
				COMBINE_HIDPI_IMAGES = YES;
				DEVELOPMENT_ASSET_PATHS = "\"mmCanvasCatalina/Preview Content\"";
				DEVELOPMENT_TEAM = H34BY2CCCD;
				ENABLE_HARDENED_RUNTIME = YES;
				ENABLE_PREVIEWS = YES;
				INFOPLIST_FILE = mmCanvasCatalina/Info.plist;
				LD_RUNPATH_SEARCH_PATHS = (
					"$(inherited)",
					"@executable_path/../Frameworks",
				);
				MACOSX_DEPLOYMENT_TARGET = 10.15;
				PRODUCT_BUNDLE_IDENTIFIER = org.singularitysociety.mmCanvasCatalina;
				PRODUCT_NAME = "$(TARGET_NAME)";
				SDKROOT = macosx;
				SWIFT_VERSION = 5.0;
			};
			name = Debug;
		};
		74573E8C24FEB4530090A24E /* Release */ = {
			isa = XCBuildConfiguration;
			buildSettings = {
				ASSETCATALOG_COMPILER_APPICON_NAME = AppIcon;
				ASSETCATALOG_COMPILER_GLOBAL_ACCENT_COLOR_NAME = AccentColor;
				CODE_SIGN_ENTITLEMENTS = mmCanvasCatalina/mmCanvasCatalina.entitlements;
				CODE_SIGN_STYLE = Automatic;
				COMBINE_HIDPI_IMAGES = YES;
				DEVELOPMENT_ASSET_PATHS = "\"mmCanvasCatalina/Preview Content\"";
				DEVELOPMENT_TEAM = H34BY2CCCD;
				ENABLE_HARDENED_RUNTIME = YES;
				ENABLE_PREVIEWS = YES;
				INFOPLIST_FILE = mmCanvasCatalina/Info.plist;
				LD_RUNPATH_SEARCH_PATHS = (
					"$(inherited)",
					"@executable_path/../Frameworks",
				);
				MACOSX_DEPLOYMENT_TARGET = 10.15;
				PRODUCT_BUNDLE_IDENTIFIER = org.singularitysociety.mmCanvasCatalina;
				PRODUCT_NAME = "$(TARGET_NAME)";
				SDKROOT = macosx;
				SWIFT_VERSION = 5.0;
			};
			name = Release;
		};
		747F502D24FCAD670054FC83 /* Debug */ = {
			isa = XCBuildConfiguration;
			buildSettings = {
				ASSETCATALOG_COMPILER_APPICON_NAME = AppIcon;
				ASSETCATALOG_COMPILER_GLOBAL_ACCENT_COLOR_NAME = AccentColor;
				CODE_SIGN_STYLE = Automatic;
				DEVELOPMENT_ASSET_PATHS = "\"mmCanvas13/Preview Content\"";
				DEVELOPMENT_TEAM = H34BY2CCCD;
				ENABLE_PREVIEWS = YES;
				INFOPLIST_FILE = mmCanvas13/Info.plist;
				IPHONEOS_DEPLOYMENT_TARGET = 13.0;
				LD_RUNPATH_SEARCH_PATHS = (
					"$(inherited)",
					"@executable_path/Frameworks",
				);
				PRODUCT_BUNDLE_IDENTIFIER = org.singularitysociety.mmCanvas13;
				PRODUCT_NAME = "$(TARGET_NAME)";
				SDKROOT = iphoneos;
				SWIFT_VERSION = 5.0;
				TARGETED_DEVICE_FAMILY = "1,2";
			};
			name = Debug;
		};
		747F502E24FCAD670054FC83 /* Release */ = {
			isa = XCBuildConfiguration;
			buildSettings = {
				ASSETCATALOG_COMPILER_APPICON_NAME = AppIcon;
				ASSETCATALOG_COMPILER_GLOBAL_ACCENT_COLOR_NAME = AccentColor;
				CODE_SIGN_STYLE = Automatic;
				DEVELOPMENT_ASSET_PATHS = "\"mmCanvas13/Preview Content\"";
				DEVELOPMENT_TEAM = H34BY2CCCD;
				ENABLE_PREVIEWS = YES;
				INFOPLIST_FILE = mmCanvas13/Info.plist;
				IPHONEOS_DEPLOYMENT_TARGET = 13.0;
				LD_RUNPATH_SEARCH_PATHS = (
					"$(inherited)",
					"@executable_path/Frameworks",
				);
				PRODUCT_BUNDLE_IDENTIFIER = org.singularitysociety.mmCanvas13;
				PRODUCT_NAME = "$(TARGET_NAME)";
				SDKROOT = iphoneos;
				SWIFT_VERSION = 5.0;
				TARGETED_DEVICE_FAMILY = "1,2";
				VALIDATE_PRODUCT = YES;
			};
			name = Release;
		};
/* End XCBuildConfiguration section */

/* Begin XCConfigurationList section */
		7433B55B24F8AE6100041FA5 /* Build configuration list for PBXProject "mmCanvas" */ = {
			isa = XCConfigurationList;
			buildConfigurations = (
				7433B57624F8AE6300041FA5 /* Debug */,
				7433B57724F8AE6300041FA5 /* Release */,
			);
			defaultConfigurationIsVisible = 0;
			defaultConfigurationName = Release;
		};
		7433B57824F8AE6300041FA5 /* Build configuration list for PBXNativeTarget "mmCanvas (iOS)" */ = {
			isa = XCConfigurationList;
			buildConfigurations = (
				7433B57924F8AE6300041FA5 /* Debug */,
				7433B57A24F8AE6300041FA5 /* Release */,
			);
			defaultConfigurationIsVisible = 0;
			defaultConfigurationName = Release;
		};
		7433B57B24F8AE6300041FA5 /* Build configuration list for PBXNativeTarget "mmCanvas (macOS)" */ = {
			isa = XCConfigurationList;
			buildConfigurations = (
				7433B57C24F8AE6300041FA5 /* Debug */,
				7433B57D24F8AE6300041FA5 /* Release */,
			);
			defaultConfigurationIsVisible = 0;
			defaultConfigurationName = Release;
		};
		74573E8D24FEB4530090A24E /* Build configuration list for PBXNativeTarget "mmCanvasCatalina" */ = {
			isa = XCConfigurationList;
			buildConfigurations = (
				74573E8B24FEB4530090A24E /* Debug */,
				74573E8C24FEB4530090A24E /* Release */,
			);
			defaultConfigurationIsVisible = 0;
			defaultConfigurationName = Release;
		};
		747F502C24FCAD670054FC83 /* Build configuration list for PBXNativeTarget "mmCanvas13" */ = {
			isa = XCConfigurationList;
			buildConfigurations = (
				747F502D24FCAD670054FC83 /* Debug */,
				747F502E24FCAD670054FC83 /* Release */,
			);
			defaultConfigurationIsVisible = 0;
			defaultConfigurationName = Release;
		};
/* End XCConfigurationList section */
	};
	rootObject = 7433B55824F8AE6100041FA5 /* Project object */;
}
